<?xml version="1.0" encoding="utf-8"?>
<Project ToolsVersion="4.0" xmlns="http://schemas.microsoft.com/developer/msbuild/2003">
  <ItemGroup>
    <Filter Include="win32">
      <UniqueIdentifier>{84a8ebd7-7cf0-47f6-b75e-d441df67da40}</UniqueIdentifier>
    </Filter>
    <Filter Include="resource">
      <UniqueIdentifier>{715254bc-d70b-4ec5-bf29-467dd3ace079}</UniqueIdentifier>
    </Filter>
    <Filter Include="src">
      <UniqueIdentifier>{bb6c862e-70e9-49d9-81b7-3829a6f50471}</UniqueIdentifier>
    </Filter>
    <Filter Include="src\Base">
      <UniqueIdentifier>{afb206cf-48f7-4f3a-aef2-1abbdd830c85}</UniqueIdentifier>
    </Filter>
    <Filter Include="src\ECS">
      <UniqueIdentifier>{2fcde504-1d4c-4492-bc3e-ef1c756d9a57}</UniqueIdentifier>
    </Filter>
    <Filter Include="src\Scene">
      <UniqueIdentifier>{e7ade049-a19e-4868-8382-9636471e5b0f}</UniqueIdentifier>
    </Filter>
  </ItemGroup>
  <ItemGroup>
    <ClCompile Include="main.cpp">
      <Filter>win32</Filter>
    </ClCompile>
    <ClCompile Include="..\Classes\Base\TMXFile.cpp">
      <Filter>src\Base</Filter>
    </ClCompile>
    <ClCompile Include="..\Classes\Base\AppDelegate.cpp">
      <Filter>src\Base</Filter>
    </ClCompile>
    <ClCompile Include="..\Classes\Base\CocosHelper.cpp">
      <Filter>src\Base</Filter>
    </ClCompile>
    <ClCompile Include="..\Classes\Base\ECSBase.cpp">
      <Filter>src\Base</Filter>
    </ClCompile>
    <ClCompile Include="..\Classes\Base\SceneBase.cpp">
      <Filter>src\Base</Filter>
    </ClCompile>
    <ClCompile Include="..\Classes\ECS\BaseCompoment.cpp">
      <Filter>src\ECS</Filter>
    </ClCompile>
    <ClCompile Include="..\Classes\Scene\GameScene.cpp">
      <Filter>src\Scene</Filter>
    </ClCompile>
    <ClCompile Include="..\Classes\ECS\TileCompoment.cpp">
      <Filter>src\ECS</Filter>
    </ClCompile>
    <ClCompile Include="..\Classes\ECS\TriggerCompoment.cpp">
      <Filter>src\ECS</Filter>
    </ClCompile>
  </ItemGroup>
  <ItemGroup>
    <ClInclude Include="main.h">
      <Filter>win32</Filter>
    </ClInclude>
    <ClInclude Include="..\Classes\Base\TMXFile.h">
      <Filter>src\Base</Filter>
    </ClInclude>
    <ClInclude Include="..\Classes\Base\AppDelegate.h">
      <Filter>src\Base</Filter>
    </ClInclude>
    <ClInclude Include="..\Classes\Base\CocosHelper.h">
      <Filter>src\Base</Filter>
    </ClInclude>
    <ClInclude Include="..\Classes\Base\ECSBase.h">
      <Filter>src\Base</Filter>
    </ClInclude>
    <ClInclude Include="..\Classes\Base\SceneBase.h">
      <Filter>src\Base</Filter>
    </ClInclude>
    <ClInclude Include="..\Classes\ECS\BaseCompoment.h">
      <Filter>src\ECS</Filter>
    </ClInclude>
    <ClInclude Include="..\Classes\Scene\GameScene.h">
      <Filter>src\Scene</Filter>
    </ClInclude>
    <ClInclude Include="..\Classes\Common.h">
      <Filter>src</Filter>
    </ClInclude>
    <ClInclude Include="..\Classes\SceneDefination.h">
      <Filter>src</Filter>
    </ClInclude>
    <ClInclude Include="..\Classes\ECS\TileCompoment.h">
      <Filter>src\ECS</Filter>
    </ClInclude>
    <ClInclude Include="..\Classes\ECS\TriggerCompoment.h">
      <Filter>src\ECS</Filter>
    </ClInclude>
  </ItemGroup>
  <ItemGroup>
    <ResourceCompile Include="game.rc">
      <Filter>resource</Filter>
    </ResourceCompile>
  </ItemGroup>
</Project>